# THIS IS AN AUTOGENERATED FILE. DO NOT EDIT THIS FILE DIRECTLY.
# yarn lockfile v1


"@types/node@^22.5.1":
  version "22.5.1"
  resolved "https://registry.yarnpkg.com/@types/node/-/node-22.5.1.tgz#de01dce265f6b99ed32b295962045d10b5b99560"
  integrity sha512-KkHsxej0j9IW1KKOOAA/XBA0z08UFSrRQHErzEfA3Vgq57eXIMYboIlHJuYIfd+lwCQjtKqUu3UnmKbtUc9yRw==
  dependencies:
    undici-types "~6.19.2"

"@types/prop-types@*":
  version "15.7.12"
  resolved "https://registry.yarnpkg.com/@types/prop-types/-/prop-types-15.7.12.tgz#12bb1e2be27293c1406acb6af1c3f3a1481d98c6"
  integrity sha512-5zvhXYtRNRluoE/jAp4GVsSduVUzNWKkOZrCDBWYtE7biZywwdC2AcEzg+cSMLFRfVgeAFqpfNabiPjxFddV1Q==

"@types/react@^18.3.5":
  version "18.3.5"
  resolved "https://registry.yarnpkg.com/@types/react/-/react-18.3.5.tgz#5f524c2ad2089c0ff372bbdabc77ca2c4dbadf8f"
  integrity sha512-WeqMfGJLGuLCqHGYRGHxnKrXcTitc6L/nBUWfWPcTarG3t9PsquqUMuVeXZeca+mglY4Vo5GZjCi0A3Or2lnxA==
  dependencies:
    "@types/prop-types" "*"
    csstype "^3.0.2"

"@vtex/tsconfig@^0.6.0":
  version "0.6.0"
  resolved "https://registry.yarnpkg.com/@vtex/tsconfig/-/tsconfig-0.6.0.tgz#c9dfffc95d2ef55195237411f9c15269ca30b2a5"
  integrity sha512-SVQBxaSdEVdpJFja1aVTIiZBgpQKePyYOUWGzcYq6LYkSWqSbz2LoC7TuLUsmfweYmVkv8+4eVuxcDpQVEpq1A==

csstype@^3.0.2:
  version "3.1.3"
  resolved "https://registry.yarnpkg.com/csstype/-/csstype-3.1.3.tgz#d80ff294d114fb0e6ac500fbf85b60137d7eff81"
  integrity sha512-M1uQkMl8rQK/szD0LNhtqxIPLpimGm8sOBwU7lLnCpSbTyY3yeU1Vc7l4KT5zT4s/yOxHH5O7tIuuLOCnLADRw==

"js-tokens@^3.0.0 || ^4.0.0":
  version "4.0.0"
  resolved "https://registry.npmjs.org/js-tokens/-/js-tokens-4.0.0.tgz"
  integrity sha512-RdJUflcE3cUzKiMqQgsCu06FPu9UdIJO0beYbPhHN4k6apgJtifcoCtT9bcxOpYBtpD2kCM6Sbzg4CausW/PKQ==

loose-envify@^1.1.0:
  version "1.4.0"
  resolved "https://registry.npmjs.org/loose-envify/-/loose-envify-1.4.0.tgz"
  integrity sha512-lyuxPGr/Wfhrlem2CL/UcnUc1zcqKAImBDzukY7Y5F/yQiNdko6+fRLevlw1HgMySw7f611UIY408EtxRSoK3Q==
  dependencies:
    js-tokens "^3.0.0 || ^4.0.0"

react-dom@^18.3.1:
  version "18.3.1"
  resolved "https://registry.npmjs.org/react-dom/-/react-dom-18.3.1.tgz"
  integrity sha512-5m4nQKp+rZRb09LNH59GM4BxTh9251/ylbKIbpe7TpGxfJ+9kv6BLkLBXIjjspbgbnIBNqlI23tRnTWT0snUIw==
  dependencies:
    loose-envify "^1.1.0"
    scheduler "^0.23.2"

react@^18.3.1:
  version "18.3.1"
  resolved "https://registry.npmjs.org/react/-/react-18.3.1.tgz"
  integrity sha512-wS+hAgJShR0KhEvPJArfuPVN1+Hz1t0Y6n5jLrGQbkb4urgPE/0Rve+1kMB1v/oWgHgm4WIcV+i7F2pTVj+2iQ==
  dependencies:
    loose-envify "^1.1.0"

scheduler@^0.23.2:
  version "0.23.2"
  resolved "https://registry.npmjs.org/scheduler/-/scheduler-0.23.2.tgz"
  integrity sha512-UOShsPwz7NrMUqhR6t0hWjFduvOzbtv7toDH1/hIrfRNIDBnnBWd0CwJTGvTpngVlmwGCdP9/Zl/tVrDqcuYzQ==
  dependencies:
    loose-envify "^1.1.0"

undici-types@~6.19.2:
  version "6.19.8"
  resolved "https://registry.yarnpkg.com/undici-types/-/undici-types-6.19.8.tgz#35111c9d1437ab83a7cdc0abae2f26d88eda0a02"
  integrity sha512-ve2KP6f/JnbPBFyobGHuerC9g1FYGn/F8n1LWTwNxCEzd6IfqTwUQcNXgEtmmQ6DlRrC1hrSrBnCZPokRrDHjw==

"vtex.add-to-cart-button@http://vtex.vtexassets.com/_v/public/typings/v1/vtex.add-to-cart-button@0.30.2/public/@types/vtex.add-to-cart-button":
  version "0.30.2"
  resolved "http://vtex.vtexassets.com/_v/public/typings/v1/vtex.add-to-cart-button@0.30.2/public/@types/vtex.add-to-cart-button#460e38a0fca759d2eba382ebe6cd92d6c645b0b6"

"vtex.breadcrumb@http://vtex.vtexassets.com/_v/public/typings/v1/vtex.breadcrumb@1.9.5/public/@types/vtex.breadcrumb":
  version "1.9.5"
  resolved "http://vtex.vtexassets.com/_v/public/typings/v1/vtex.breadcrumb@1.9.5/public/@types/vtex.breadcrumb#261c73e9840f168c36ce30e687982a227728ab86"

"vtex.carousel@http://vtex.vtexassets.com/_v/public/typings/v1/vtex.carousel@2.12.1/public/@types/vtex.carousel":
  version "2.12.1"
  resolved "http://vtex.vtexassets.com/_v/public/typings/v1/vtex.carousel@2.12.1/public/@types/vtex.carousel#f99139a9d22227fa239192a058defd13f8cc50be"

"vtex.checkout-summary@http://vtex.vtexassets.com/_v/public/typings/v1/vtex.checkout-summary@0.22.0/public/@types/vtex.checkout-summary":
  version "0.22.0"
  resolved "http://vtex.vtexassets.com/_v/public/typings/v1/vtex.checkout-summary@0.22.0/public/@types/vtex.checkout-summary#c6d3dbd76be90cd18c4a6e03a00284dc4f12f352"

"vtex.condition-layout@http://vtex.vtexassets.com/_v/public/typings/v1/vtex.condition-layout@2.8.1/public/@types/vtex.condition-layout":
  version "2.8.1"
  resolved "http://vtex.vtexassets.com/_v/public/typings/v1/vtex.condition-layout@2.8.1/public/@types/vtex.condition-layout#59d2d0f17849703ddea25436a72c6cf3e300d6b4"

"vtex.css-handles@http://vtex.vtexassets.com/_v/public/typings/v1/vtex.css-handles@1.0.1/public/@types/vtex.css-handles":
  version "1.0.1"
  resolved "http://vtex.vtexassets.com/_v/public/typings/v1/vtex.css-handles@1.0.1/public/@types/vtex.css-handles#9444e64afad49e3ace3461f170b7d28f29b78d07"

"vtex.disclosure-layout@http://vtex.vtexassets.com/_v/public/typings/v1/vtex.disclosure-layout@1.0.3/public/@types/vtex.disclosure-layout":
  version "1.0.3"
  resolved "http://vtex.vtexassets.com/_v/public/typings/v1/vtex.disclosure-layout@1.0.3/public/@types/vtex.disclosure-layout#15590cd6a3f23e5a7591d76ad1a44b5c0c6a088a"

"vtex.flex-layout@http://vtex.vtexassets.com/_v/public/typings/v1/vtex.flex-layout@0.21.3/public/@types/vtex.flex-layout":
  version "0.21.3"
  resolved "http://vtex.vtexassets.com/_v/public/typings/v1/vtex.flex-layout@0.21.3/public/@types/vtex.flex-layout#407f0e310545ff006f08afb35f5d38ace4546435"

"vtex.locale-switcher@http://vtex.vtexassets.com/_v/public/typings/v1/vtex.locale-switcher@0.5.6/public/@types/vtex.locale-switcher":
  version "0.5.6"
  resolved "http://vtex.vtexassets.com/_v/public/typings/v1/vtex.locale-switcher@0.5.6/public/@types/vtex.locale-switcher#5db8558af5593d65e4fff3da0903d0081dfcab42"

"vtex.login@http://vtex.vtexassets.com/_v/public/typings/v1/vtex.login@2.64.1/public/@types/vtex.login":
  version "2.64.1"
  resolved "http://vtex.vtexassets.com/_v/public/typings/v1/vtex.login@2.64.1/public/@types/vtex.login#29e5d3138076e72b2f337378d78b7e75406ff29c"

"vtex.menu@http://vtex.vtexassets.com/_v/public/typings/v1/vtex.menu@2.35.1/public/@types/vtex.menu":
  version "2.35.1"
  resolved "http://vtex.vtexassets.com/_v/public/typings/v1/vtex.menu@2.35.1/public/@types/vtex.menu#4f3c5748c116a441904efca1fde31a95415a4808"

"vtex.minicart@http://vtex.vtexassets.com/_v/public/typings/v1/vtex.minicart@2.67.2/public/@types/vtex.minicart":
  version "2.67.2"
  resolved "http://vtex.vtexassets.com/_v/public/typings/v1/vtex.minicart@2.67.2/public/@types/vtex.minicart#e138f3cc960b81dfe8765c1103f7c8be23a18669"

"vtex.modal-layout@http://vtex.vtexassets.com/_v/public/typings/v1/vtex.modal-layout@0.14.1/public/@types/vtex.modal-layout":
  version "0.14.1"
  resolved "http://vtex.vtexassets.com/_v/public/typings/v1/vtex.modal-layout@0.14.1/public/@types/vtex.modal-layout#c25eaff0dc7ecdc1021f4d00e354b9e23749c6f4"

"vtex.my-account@http://vtex.vtexassets.com/_v/public/typings/v1/vtex.my-account@1.29.0/public/@types/vtex.my-account":
  version "1.29.0"
  resolved "http://vtex.vtexassets.com/_v/public/typings/v1/vtex.my-account@1.29.0/public/@types/vtex.my-account#014ffc22855e21f321b5ed81d1c95e547740b0ba"

"vtex.order-placed@http://vtex.vtexassets.com/_v/public/typings/v1/vtex.order-placed@2.18.0/public/@types/vtex.order-placed":
  version "2.18.0"
  resolved "http://vtex.vtexassets.com/_v/public/typings/v1/vtex.order-placed@2.18.0/public/@types/vtex.order-placed#e3f5105caf8059e1dcee27c40dc3d52577dd2889"

"vtex.product-bookmark-interfaces@http://vtex.vtexassets.com/_v/public/typings/v1/vtex.product-bookmark-interfaces@1.0.1/public/@types/vtex.product-bookmark-interfaces":
  version "1.0.1"
  resolved "http://vtex.vtexassets.com/_v/public/typings/v1/vtex.product-bookmark-interfaces@1.0.1/public/@types/vtex.product-bookmark-interfaces#2c26815e4afa45b2e254a23e5abb356424bb09e7"

"vtex.product-customizer@http://vtex.vtexassets.com/_v/public/typings/v1/vtex.product-customizer@2.12.4/public/@types/vtex.product-customizer":
  version "2.12.4"
  resolved "http://vtex.vtexassets.com/_v/public/typings/v1/vtex.product-customizer@2.12.4/public/@types/vtex.product-customizer#b7a9b80f96ef9663e92d033f69111a2e19b30237"

"vtex.product-details@http://vtex.vtexassets.com/_v/public/typings/v1/vtex.product-details@1.22.0/public/@types/vtex.product-details":
  version "1.22.0"
  resolved "http://vtex.vtexassets.com/_v/public/typings/v1/vtex.product-details@1.22.0/public/@types/vtex.product-details#c2829a3a2c8b8f48ee273280a86859449b9835f8"

"vtex.product-gifts@http://vtex.vtexassets.com/_v/public/typings/v1/vtex.product-gifts@0.4.0/public/@types/vtex.product-gifts":
  version "0.4.0"
  resolved "http://vtex.vtexassets.com/_v/public/typings/v1/vtex.product-gifts@0.4.0/public/@types/vtex.product-gifts#72da495c439e513a91ba22e4e34cc026caf2b11f"

"vtex.product-highlights@http://vtex.vtexassets.com/_v/public/typings/v1/vtex.product-highlights@2.3.0/public/@types/vtex.product-highlights":
  version "2.3.0"
  resolved "http://vtex.vtexassets.com/_v/public/typings/v1/vtex.product-highlights@2.3.0/public/@types/vtex.product-highlights#ee2e664a9d45e42e147612e92f0decccaac23dc8"

"vtex.product-identifier@http://vtex.vtexassets.com/_v/public/typings/v1/vtex.product-identifier@0.5.0/public/@types/vtex.product-identifier":
  version "0.5.0"
  resolved "http://vtex.vtexassets.com/_v/public/typings/v1/vtex.product-identifier@0.5.0/public/@types/vtex.product-identifier#f5d442b6a7ca648c61e8655a356e8588e49c43b2"

"vtex.product-kit@http://vtex.vtexassets.com/_v/public/typings/v1/vtex.product-kit@1.10.2/public/_types/react":
  version "0.0.0"
  resolved "http://vtex.vtexassets.com/_v/public/typings/v1/vtex.product-kit@1.10.2/public/_types/react#fa7a0347e046eab3dd768998fc9252b2c0dd5aef"

"vtex.product-list@http://vtex.vtexassets.com/_v/public/typings/v1/vtex.product-list@0.37.1/public/@types/vtex.product-list":
  version "0.37.1"
  resolved "http://vtex.vtexassets.com/_v/public/typings/v1/vtex.product-list@0.37.1/public/@types/vtex.product-list#9b4faad9194f5aa2a74e3848eb560b11c5b98513"

"vtex.product-price@http://vtex.vtexassets.com/_v/public/typings/v1/vtex.product-price@1.31.0/public/@types/vtex.product-price":
  version "1.31.0"
  resolved "http://vtex.vtexassets.com/_v/public/typings/v1/vtex.product-price@1.31.0/public/@types/vtex.product-price#d3b0672704ea7ed104d86edbef282708381d5347"

"vtex.product-quantity@http://vtex.vtexassets.com/_v/public/typings/v1/vtex.product-quantity@1.9.0/public/@types/vtex.product-quantity":
  version "1.9.0"
  resolved "http://vtex.vtexassets.com/_v/public/typings/v1/vtex.product-quantity@1.9.0/public/@types/vtex.product-quantity#686536c85e0bf7af98f803dc4385f959c181bb07"

"vtex.product-review-interfaces@http://vtex.vtexassets.com/_v/public/typings/v1/vtex.product-review-interfaces@1.0.2/public/_types/react":
  version "1.0.2"
  resolved "http://vtex.vtexassets.com/_v/public/typings/v1/vtex.product-review-interfaces@1.0.2/public/_types/react#84d1997cdae079d1401611f3d4a4619ed914673f"

"vtex.product-specification-badges@http://vtex.vtexassets.com/_v/public/typings/v1/vtex.product-specification-badges@0.3.0/public/@types/vtex.product-specification-badges":
  version "0.3.0"
  resolved "http://vtex.vtexassets.com/_v/public/typings/v1/vtex.product-specification-badges@0.3.0/public/@types/vtex.product-specification-badges#2df6b189acfabf642504df02d7b8ad406ee90c07"

"vtex.product-specifications@http://vtex.vtexassets.com/_v/public/typings/v1/vtex.product-specifications@1.1.1/public/@types/vtex.product-specifications":
  version "1.1.1"
  resolved "http://vtex.vtexassets.com/_v/public/typings/v1/vtex.product-specifications@1.1.1/public/@types/vtex.product-specifications#f680211515fcab9f5498804df9402369ef2dabb8"

"vtex.product-summary@http://vtex.vtexassets.com/_v/public/typings/v1/vtex.product-summary@2.90.0/public/@types/vtex.product-summary":
  version "2.90.0"
  resolved "http://vtex.vtexassets.com/_v/public/typings/v1/vtex.product-summary@2.90.0/public/@types/vtex.product-summary#cab84d6aea59bbd581e0a0ab4a3bc713a4db75c4"

"vtex.render-runtime@http://vtex.vtexassets.com/_v/public/typings/v1/vtex.render-runtime@8.134.8/public/@types/vtex.render-runtime":
  version "8.134.8"
  resolved "http://vtex.vtexassets.com/_v/public/typings/v1/vtex.render-runtime@8.134.8/public/@types/vtex.render-runtime#b54ce7a361a512237c57ae2ad254ba1958b22ef9"

"vtex.responsive-layout@http://vtex.vtexassets.com/_v/public/typings/v1/vtex.responsive-layout@0.1.4/public/@types/vtex.responsive-layout":
  version "0.1.4"
  resolved "http://vtex.vtexassets.com/_v/public/typings/v1/vtex.responsive-layout@0.1.4/public/@types/vtex.responsive-layout#e67d61ec1e308accb4e0ef2bd172fe04a41bf662"

"vtex.reviews-and-ratings@http://vtex.vtexassets.com/_v/public/typings/v1/vtex.reviews-and-ratings@3.15.1/public/@types/vtex.reviews-and-ratings":
  version "3.15.1"
  resolved "http://vtex.vtexassets.com/_v/public/typings/v1/vtex.reviews-and-ratings@3.15.1/public/@types/vtex.reviews-and-ratings#ef79cbad38154fbd6ad3431d173e21b6ca70ffaa"

"vtex.rich-text@http://vtex.vtexassets.com/_v/public/typings/v1/vtex.rich-text@0.16.0/public/@types/vtex.rich-text":
  version "0.16.0"
  resolved "http://vtex.vtexassets.com/_v/public/typings/v1/vtex.rich-text@0.16.0/public/@types/vtex.rich-text#0cdcaccffb37ae0d025894ba7055f69bc3c9aa30"

"vtex.search-result@http://vtex.vtexassets.com/_v/public/typings/v1/vtex.search-result@3.133.0/public/@types/vtex.search-result":
  version "3.133.0"
  resolved "http://vtex.vtexassets.com/_v/public/typings/v1/vtex.search-result@3.133.0/public/@types/vtex.search-result#7774d5f97869b082d7135dc2a3d0e5187c64e8a9"

"vtex.shelf@http://vtex.vtexassets.com/_v/public/typings/v1/vtex.shelf@1.48.0/public/@types/vtex.shelf":
  version "1.48.0"
  resolved "http://vtex.vtexassets.com/_v/public/typings/v1/vtex.shelf@1.48.0/public/@types/vtex.shelf#a94e202bd2db764eddd9d0132ab153297fa07154"

"vtex.slider-layout@http://vtex.vtexassets.com/_v/public/typings/v1/vtex.slider-layout@0.24.6/public/@types/vtex.slider-layout":
  version "0.24.6"
  resolved "http://vtex.vtexassets.com/_v/public/typings/v1/vtex.slider-layout@0.24.6/public/@types/vtex.slider-layout#abdc109d880937fe528641c06a3f0e966579bf92"

"vtex.slider@http://vtex.vtexassets.com/_v/public/typings/v1/vtex.slider@0.8.3/public/@types/vtex.slider":
  version "0.8.3"
  resolved "http://vtex.vtexassets.com/_v/public/typings/v1/vtex.slider@0.8.3/public/@types/vtex.slider#9b7be08012a5d3ec41fdc651235a964cb5f7db85"

"vtex.stack-layout@http://vtex.vtexassets.com/_v/public/typings/v1/vtex.stack-layout@0.1.1/public/@types/vtex.stack-layout":
  version "0.1.1"
  resolved "http://vtex.vtexassets.com/_v/public/typings/v1/vtex.stack-layout@0.1.1/public/@types/vtex.stack-layout#d7ae9ed78c33073482ceb753a7cfa11c7cb8d83f"

"vtex.sticky-layout@http://vtex.vtexassets.com/_v/public/typings/v1/vtex.sticky-layout@0.3.4/public/@types/vtex.sticky-layout":
  version "0.3.4"
  resolved "http://vtex.vtexassets.com/_v/public/typings/v1/vtex.sticky-layout@0.3.4/public/@types/vtex.sticky-layout#5b786d6f9ab0a40e4997c955a75885eee32515ef"

"vtex.store-components@http://vtex.vtexassets.com/_v/public/typings/v1/vtex.store-components@3.175.0/public/@types/vtex.store-components":
  version "3.175.0"
  resolved "http://vtex.vtexassets.com/_v/public/typings/v1/vtex.store-components@3.175.0/public/@types/vtex.store-components#152f9a3a6805a9b4eda5ab30c2a8f8f1500ae27a"

"vtex.store-drawer@http://vtex.vtexassets.com/_v/public/typings/v1/vtex.store-drawer@0.17.2/public/@types/vtex.store-drawer":
  version "0.17.2"
  resolved "http://vtex.vtexassets.com/_v/public/typings/v1/vtex.store-drawer@0.17.2/public/@types/vtex.store-drawer#ddbd1b1496e2805ee8492d7ab2353a78c54c7d6f"

"vtex.store-footer@http://vtex.vtexassets.com/_v/public/typings/v1/vtex.store-footer@2.27.0/public/@types/vtex.store-footer":
  version "2.27.0"
  resolved "http://vtex.vtexassets.com/_v/public/typings/v1/vtex.store-footer@2.27.0/public/@types/vtex.store-footer#81c4e23689a6d4e97d6b8b8de930f76c7dfdcbd9"

"vtex.store-form@http://vtex.vtexassets.com/_v/public/typings/v1/vtex.store-form@0.10.1/public/@types/vtex.store-form":
  version "0.10.1"
  resolved "http://vtex.vtexassets.com/_v/public/typings/v1/vtex.store-form@0.10.1/public/@types/vtex.store-form#fc5b27638a1cebaf739c03a951f750a3642e2860"

"vtex.store-header@http://vtex.vtexassets.com/_v/public/typings/v1/vtex.store-header@2.29.0/public/@types/vtex.store-header":
  version "2.29.0"
  resolved "http://vtex.vtexassets.com/_v/public/typings/v1/vtex.store-header@2.29.0/public/@types/vtex.store-header#702033f782c6c25ae2fed42b5a3703db5fd1ac87"

"vtex.store-icons@http://vtex.vtexassets.com/_v/public/typings/v1/vtex.store-icons@0.18.0/public/@types/vtex.store-icons":
  version "0.18.0"
  resolved "http://vtex.vtexassets.com/_v/public/typings/v1/vtex.store-icons@0.18.0/public/@types/vtex.store-icons#0ee94d549aa283ce3a13ab987c13eac4fdfd1bba"

"vtex.store-image@http://vtex.vtexassets.com/_v/public/typings/v1/vtex.store-image@0.21.0/public/@types/vtex.store-image":
  version "0.21.0"
  resolved "http://vtex.vtexassets.com/_v/public/typings/v1/vtex.store-image@0.21.0/public/@types/vtex.store-image#5bf4e2d3857e92ac91a8de166b402f04e249467c"

"vtex.store-link@http://vtex.vtexassets.com/_v/public/typings/v1/vtex.store-link@0.9.3/public/@types/vtex.store-link":
  version "0.9.3"
  resolved "http://vtex.vtexassets.com/_v/public/typings/v1/vtex.store-link@0.9.3/public/@types/vtex.store-link#aedb5f66c1d478bcc14041f6232fa30a912a88fd"

"vtex.store-newsletter@http://vtex.vtexassets.com/_v/public/typings/v1/vtex.store-newsletter@1.3.0/public/@types/vtex.store-newsletter":
  version "1.3.0"
  resolved "http://vtex.vtexassets.com/_v/public/typings/v1/vtex.store-newsletter@1.3.0/public/@types/vtex.store-newsletter#29dd0374e8b44dbf734b7e14f31c2b11e1be71fc"

"vtex.store-video@http://vtex.vtexassets.com/_v/public/typings/v1/vtex.store-video@1.4.3/public/@types/vtex.store-video":
  version "1.4.3"
  resolved "http://vtex.vtexassets.com/_v/public/typings/v1/vtex.store-video@1.4.3/public/@types/vtex.store-video#39c9ebc2b1d0edbf3310226b6d93bc1c09091856"

"vtex.store@http://vtex.vtexassets.com/_v/public/typings/v1/vtex.store@2.136.0/public/@types/vtex.store":
  version "2.136.0"
  resolved "http://vtex.vtexassets.com/_v/public/typings/v1/vtex.store@2.136.0/public/@types/vtex.store#ca37894cda57c42eb577be935dff645dc3b320e0"

"vtex.styleguide@http://vtex.vtexassets.com/_v/public/typings/v1/vtex.styleguide@9.146.13/public/@types/vtex.styleguide":
  version "9.146.13"
  resolved "http://vtex.vtexassets.com/_v/public/typings/v1/vtex.styleguide@9.146.13/public/@types/vtex.styleguide#f4ccbc54621bf5114ddd115b6032ae320f2eba55"

"vtex.tab-layout@http://vtex.vtexassets.com/_v/public/typings/v1/vtex.tab-layout@0.4.6/public/@types/vtex.tab-layout":
  version "0.4.6"
  resolved "http://vtex.vtexassets.com/_v/public/typings/v1/vtex.tab-layout@0.4.6/public/@types/vtex.tab-layout#d0331c51239c0f677e1e405a967eb3e7dcad5cb9"

"vtex.telemarketing@http://vtex.vtexassets.com/_v/public/typings/v1/vtex.telemarketing@2.12.1/public/@types/vtex.telemarketing":
  version "2.12.1"
  resolved "http://vtex.vtexassets.com/_v/public/typings/v1/vtex.telemarketing@2.12.1/public/@types/vtex.telemarketing#0b43598b66598b4085af04268140ea8a8d84e263"
